
Microsoft Visual Studio Solution File, Format Version 12.00
# Visual Studio Version 16
VisualStudioVersion = 16.0.30907.101
MinimumVisualStudioVersion = 10.0.40219.1
Project("{9A19103F-16F7-4668-BE54-9A1E7A4F7556}") = "AccountingSystem", "AccountingSystem\AccountingSystem.csproj", "{62A5D6CA-DFDD-4FA7-844D-D7F1E1E2C6A9}"
EndProject
Project("{9A19103F-16F7-4668-BE54-9A1E7A4F7556}") = "ACC.Data", "ACC.Data\ACC.Data.csproj", "{AA4B3782-7908-4AAB-B814-0DA3C60B740E}"
EndProject
Project("{9A19103F-16F7-4668-BE54-9A1E7A4F7556}") = "ACC.Domain", "ACC.Domain\ACC.Domain.csproj", "{1D7D25C5-7324-449A-9BD1-2BAEA19A8917}"
EndProject
Project("{FAE04EC0-301F-11D3-BF4B-00C04F79EFBC}") = "BudgetSystem", "BudgetSystem\BudgetSystem.csproj", "{29FDAF03-149D-452A-8A50-A639FF261DB5}"
EndProject
Global
	GlobalSection(SolutionConfigurationPlatforms) = preSolution
		Debug|Any CPU = Debug|Any CPU
		Release|Any CPU = Release|Any CPU
	EndGlobalSection
	GlobalSection(ProjectConfigurationPlatforms) = postSolution
		{62A5D6CA-DFDD-4FA7-844D-D7F1E1E2C6A9}.Debug|Any CPU.ActiveCfg = Debug|Any CPU
		{62A5D6CA-DFDD-4FA7-844D-D7F1E1E2C6A9}.Debug|Any CPU.Build.0 = Debug|Any CPU
		{62A5D6CA-DFDD-4FA7-844D-D7F1E1E2C6A9}.Release|Any CPU.ActiveCfg = Release|Any CPU
		{62A5D6CA-DFDD-4FA7-844D-D7F1E1E2C6A9}.Release|Any CPU.Build.0 = Release|Any CPU
		{AA4B3782-7908-4AAB-B814-0DA3C60B740E}.Debug|Any CPU.ActiveCfg = Debug|Any CPU
		{AA4B3782-7908-4AAB-B814-0DA3C60B740E}.Debug|Any CPU.Build.0 = Debug|Any CPU
		{AA4B3782-7908-4AAB-B814-0DA3C60B740E}.Release|Any CPU.ActiveCfg = Release|Any CPU
		{AA4B3782-7908-4AAB-B814-0DA3C60B740E}.Release|Any CPU.Build.0 = Release|Any CPU
		{1D7D25C5-7324-449A-9BD1-2BAEA19A8917}.Debug|Any CPU.ActiveCfg = Debug|Any CPU
		{1D7D25C5-7324-449A-9BD1-2BAEA19A8917}.Debug|Any CPU.Build.0 = Debug|Any CPU
		{1D7D25C5-7324-449A-9BD1-2BAEA19A8917}.Release|Any CPU.ActiveCfg = Release|Any CPU
		{1D7D25C5-7324-449A-9BD1-2BAEA19A8917}.Release|Any CPU.Build.0 = Release|Any CPU
		{29FDAF03-149D-452A-8A50-A639FF261DB5}.Debug|Any CPU.ActiveCfg = Debug|Any CPU
		{29FDAF03-149D-452A-8A50-A639FF261DB5}.Debug|Any CPU.Build.0 = Debug|Any CPU
		{29FDAF03-149D-452A-8A50-A639FF261DB5}.Release|Any CPU.ActiveCfg = Release|Any CPU
		{29FDAF03-149D-452A-8A50-A639FF261DB5}.Release|Any CPU.Build.0 = Release|Any CPU
	EndGlobalSection
	GlobalSection(SolutionProperties) = preSolution
		HideSolutionNode = FALSE
	EndGlobalSection
	GlobalSection(ExtensibilityGlobals) = postSolution
		SolutionGuid = {45DB572E-5285-4A5F-880C-C47E111F0A2F}
	EndGlobalSection
EndGlobal
