
Microsoft Visual Studio Solution File, Format Version 12.00
# Visual Studio Version 17
VisualStudioVersion = 17.3.32929.385
MinimumVisualStudioVersion = 10.0.40219.1
Project("{9A19103F-16F7-4668-BE54-9A1E7A4F7556}") = "OmniGov.App", "src\Apps\OmniGov.App\OmniGov.App.csproj", "{62A5D6CA-DFDD-4FA7-844D-D7F1E1E2C6A9}"
EndProject
Project("{9A19103F-16F7-4668-BE54-9A1E7A4F7556}") = "OmniGov.PropertyAssessment.Data", "src\Modules\PropertyAssessment\OmniGov.PropertyAssessment.Data\OmniGov.PropertyAssessment.Data.csproj", "{90D51391-0C62-4EB8-8A58-A92617782D1B}"
EndProject
Project("{9A19103F-16F7-4668-BE54-9A1E7A4F7556}") = "OmniGov.PropertyAssessment.Domain", "src\Modules\PropertyAssessment\OmniGov.PropertyAssessment.Domain\OmniGov.PropertyAssessment.Domain.csproj", "{C80864B1-87A7-46DE-A65C-2C3AEE24FC89}"
EndProject
Project("{2150E333-8FDC-42A3-9474-1A3956D46DE8}") = "Budget", "Budget", "{02EA681E-C7D8-13C7-8484-4AC65E1B71E8}"
EndProject
Project("{2150E333-8FDC-42A3-9474-1A3956D46DE8}") = "Accounting", "Accounting", "{7955579A-3D9A-4FEF-A478-07C2DEC76824}"
EndProject
Project("{2150E333-8FDC-42A3-9474-1A3956D46DE8}") = "Treasury", "Treasury", "{EF7C36D5-7D37-4C92-B5AA-EF02267DB7F2}"
EndProject
Project("{FAE04EC0-301F-11D3-BF4B-00C04F79EFBC}") = "OmniGov.Accounting.Data", "src\Modules\Accounting\OmniGov.Accounting.Data\OmniGov.Accounting.Data.csproj", "{3A2B7BD3-0163-4C3A-9703-97DFA6F61C00}"
EndProject
Project("{FAE04EC0-301F-11D3-BF4B-00C04F79EFBC}") = "OmniGov.Accounting.Domain", "src\Modules\Accounting\OmniGov.Accounting.Domain\OmniGov.Accounting.Domain.csproj", "{ADEF03D5-34FA-453B-945D-8E2ECB3E9B09}"
EndProject
Project("{FAE04EC0-301F-11D3-BF4B-00C04F79EFBC}") = "OmniGov.Budget.Data", "src\Modules\Budget\OmniGov.Budget.Data\OmniGov.Budget.Data.csproj", "{B445E63A-2E29-4AA7-BFAE-E912C254EA56}"
	ProjectSection(ProjectDependencies) = postProject
		{0F0095EB-A7C5-407F-B830-74B560455A53} = {0F0095EB-A7C5-407F-B830-74B560455A53}
		{71F52AA5-2804-4B83-B0DC-9101816F8E0B} = {71F52AA5-2804-4B83-B0DC-9101816F8E0B}
	EndProjectSection
EndProject
Project("{FAE04EC0-301F-11D3-BF4B-00C04F79EFBC}") = "OmniGov.Budget.Domain", "src\Modules\Budget\OmniGov.Budget.Domain\OmniGov.Budget.Domain.csproj", "{0F0095EB-A7C5-407F-B830-74B560455A53}"
EndProject
Project("{FAE04EC0-301F-11D3-BF4B-00C04F79EFBC}") = "OmniGov.Treasury.Data", "src\Modules\Treasury\OmniGov.Treasury.Data\OmniGov.Treasury.Data.csproj", "{8284BBA6-BC37-44E5-9D68-77B89B7DFB99}"
	ProjectSection(ProjectDependencies) = postProject
		{71F52AA5-2804-4B83-B0DC-9101816F8E0B} = {71F52AA5-2804-4B83-B0DC-9101816F8E0B}
		{CD04A818-CADD-49B4-AEAC-57B935050CCB} = {CD04A818-CADD-49B4-AEAC-57B935050CCB}
	EndProjectSection
EndProject
Project("{FAE04EC0-301F-11D3-BF4B-00C04F79EFBC}") = "OmniGov.Treasury.Domain", "src\Modules\Treasury\OmniGov.Treasury.Domain\OmniGov.Treasury.Domain.csproj", "{CD04A818-CADD-49B4-AEAC-57B935050CCB}"
EndProject
Project("{2150E333-8FDC-42A3-9474-1A3956D46DE8}") = "PropertyAssessment", "PropertyAssessment", "{02C880D7-1E0A-4BD0-A1E8-65FE5EAF2344}"
EndProject
Project("{FAE04EC0-301F-11D3-BF4B-00C04F79EFBC}") = "OmniGov.Core", "src\Core\OmniGov.Core\OmniGov.Core.csproj", "{71F52AA5-2804-4B83-B0DC-9101816F8E0B}"
EndProject
Project("{2150E333-8FDC-42A3-9474-1A3956D46DE8}") = "src", "src", "{0A8C4892-79DA-4DC1-8DD1-A5AA69FA5A9B}"
EndProject
Project("{2150E333-8FDC-42A3-9474-1A3956D46DE8}") = "Core", "Core", "{78503322-DE0C-4F33-8A17-98EFA0E1F702}"
EndProject
Project("{2150E333-8FDC-42A3-9474-1A3956D46DE8}") = "Modules", "Modules", "{0D2C9623-29DB-4D53-A1EF-EAD42C256F06}"
EndProject
Project("{2150E333-8FDC-42A3-9474-1A3956D46DE8}") = "Apps", "Apps", "{2E12DD75-8EB7-45E9-B56F-A45ABC5019EA}"
EndProject
Project("{2150E333-8FDC-42A3-9474-1A3956D46DE8}") = "docs", "docs", "{DDD3424A-C6D3-4220-9B54-158F6B28A429}"
EndProject
Project("{2150E333-8FDC-42A3-9474-1A3956D46DE8}") = "architecture", "architecture", "{204B201E-3B36-4A3D-BB70-53C9B77E7F4A}"
EndProject
Project("{2150E333-8FDC-42A3-9474-1A3956D46DE8}") = "api", "api", "{10533C9B-0936-4ED8-BCBD-3317410A54F4}"
EndProject
Project("{2150E333-8FDC-42A3-9474-1A3956D46DE8}") = "deployment", "deployment", "{D57DA655-3EFD-4FAF-9474-D719F52EAB78}"
EndProject
Project("{2150E333-8FDC-42A3-9474-1A3956D46DE8}") = "modules", "modules", "{ECDA17AC-5729-40EF-B688-787233716C4B}"
EndProject
Project("{2150E333-8FDC-42A3-9474-1A3956D46DE8}") = ".github", ".github", "{725BD5A6-31B3-4C7D-A6DB-5E5B02909FC0}"
EndProject
Project("{2150E333-8FDC-42A3-9474-1A3956D46DE8}") = "workflows", "workflows", "{CFE483B3-2A2B-4AD8-B5A8-D6DB31BFA078}"
EndProject
Project("{2150E333-8FDC-42A3-9474-1A3956D46DE8}") = "ISSUE_TEMPLATE", "ISSUE_TEMPLATE", "{324CBC0F-2932-40FA-BB9C-1AF2C3E3CE16}"
EndProject
Project("{2150E333-8FDC-42A3-9474-1A3956D46DE8}") = "tests", "tests", "{3D95FC05-382F-4460-87AC-1561D462950A}"
EndProject
Project("{2150E333-8FDC-42A3-9474-1A3956D46DE8}") = "scripts", "scripts", "{6C415D06-976C-4D52-909C-811EC7C3C19E}"
EndProject
Project("{2150E333-8FDC-42A3-9474-1A3956D46DE8}") = "infra", "infra", "{F2466169-9AE5-42F2-8BE2-E6AD63118BFD}"
EndProject
Project("{2150E333-8FDC-42A3-9474-1A3956D46DE8}") = "docker", "docker", "{D5257602-ADBA-442D-8DE9-1F94F346434A}"
EndProject
Project("{2150E333-8FDC-42A3-9474-1A3956D46DE8}") = "nginx", "nginx", "{9F6211E5-F028-464C-86EB-AFA129206823}"
EndProject
Project("{2150E333-8FDC-42A3-9474-1A3956D46DE8}") = "OmniGov.Core.Test", "OmniGov.Core.Test", "{D40AEE20-FB2B-4546-B212-8F96F9A94EF0}"
EndProject
Project("{2150E333-8FDC-42A3-9474-1A3956D46DE8}") = "OmniGov.Budget.Tests", "OmniGov.Budget.Tests", "{9BA0C033-E648-445D-86CE-64F4E20A80CE}"
EndProject
Project("{2150E333-8FDC-42A3-9474-1A3956D46DE8}") = "OmniGov.Accounting.Tests", "OmniGov.Accounting.Tests", "{65F5FA7A-5DB9-4444-93B5-1E42123E4E66}"
EndProject
Project("{2150E333-8FDC-42A3-9474-1A3956D46DE8}") = "OmniGov.Treasury.Tests", "OmniGov.Treasury.Tests", "{E1368E55-0B74-4EC6-B671-B5296F701CA4}"
EndProject
Project("{2150E333-8FDC-42A3-9474-1A3956D46DE8}") = "OmniGov.PropertyAssessment.Tests", "OmniGov.PropertyAssessment.Tests", "{F357927B-61CE-4DAC-B1F9-24FD93F9D52D}"
EndProject
Project("{2150E333-8FDC-42A3-9474-1A3956D46DE8}") = "db", "db", "{253B042E-A49B-43B8-807A-D38F6FE3CB70}"
EndProject
Project("{2150E333-8FDC-42A3-9474-1A3956D46DE8}") = "migrations", "migrations", "{35E152DD-761E-4E12-9EF5-4788F3188B01}"
EndProject
Project("{2150E333-8FDC-42A3-9474-1A3956D46DE8}") = "seeds", "seeds", "{CE680F39-5B2B-455A-96D1-495345C277AC}"
EndProject
Global
	GlobalSection(SolutionConfigurationPlatforms) = preSolution
		Debug|Any CPU = Debug|Any CPU
		Debug|x64 = Debug|x64
		Debug|x86 = Debug|x86
		Release|Any CPU = Release|Any CPU
		Release|x64 = Release|x64
		Release|x86 = Release|x86
	EndGlobalSection
	GlobalSection(ProjectConfigurationPlatforms) = postSolution
		{62A5D6CA-DFDD-4FA7-844D-D7F1E1E2C6A9}.Debug|Any CPU.ActiveCfg = Debug|Any CPU
		{62A5D6CA-DFDD-4FA7-844D-D7F1E1E2C6A9}.Debug|Any CPU.Build.0 = Debug|Any CPU
		{62A5D6CA-DFDD-4FA7-844D-D7F1E1E2C6A9}.Debug|x64.ActiveCfg = Debug|x64
		{62A5D6CA-DFDD-4FA7-844D-D7F1E1E2C6A9}.Debug|x64.Build.0 = Debug|x64
		{62A5D6CA-DFDD-4FA7-844D-D7F1E1E2C6A9}.Debug|x86.ActiveCfg = Debug|x86
		{62A5D6CA-DFDD-4FA7-844D-D7F1E1E2C6A9}.Debug|x86.Build.0 = Debug|x86
		{62A5D6CA-DFDD-4FA7-844D-D7F1E1E2C6A9}.Release|Any CPU.ActiveCfg = Release|Any CPU
		{62A5D6CA-DFDD-4FA7-844D-D7F1E1E2C6A9}.Release|Any CPU.Build.0 = Release|Any CPU
		{62A5D6CA-DFDD-4FA7-844D-D7F1E1E2C6A9}.Release|x64.ActiveCfg = Release|x64
		{62A5D6CA-DFDD-4FA7-844D-D7F1E1E2C6A9}.Release|x64.Build.0 = Release|x64
		{62A5D6CA-DFDD-4FA7-844D-D7F1E1E2C6A9}.Release|x86.ActiveCfg = Release|x86
		{62A5D6CA-DFDD-4FA7-844D-D7F1E1E2C6A9}.Release|x86.Build.0 = Release|x86
		{90D51391-0C62-4EB8-8A58-A92617782D1B}.Debug|Any CPU.ActiveCfg = Debug|Any CPU
		{90D51391-0C62-4EB8-8A58-A92617782D1B}.Debug|Any CPU.Build.0 = Debug|Any CPU
		{90D51391-0C62-4EB8-8A58-A92617782D1B}.Debug|x64.ActiveCfg = Debug|Any CPU
		{90D51391-0C62-4EB8-8A58-A92617782D1B}.Debug|x64.Build.0 = Debug|Any CPU
		{90D51391-0C62-4EB8-8A58-A92617782D1B}.Debug|x86.ActiveCfg = Debug|Any CPU
		{90D51391-0C62-4EB8-8A58-A92617782D1B}.Debug|x86.Build.0 = Debug|Any CPU
		{90D51391-0C62-4EB8-8A58-A92617782D1B}.Release|Any CPU.ActiveCfg = Release|Any CPU
		{90D51391-0C62-4EB8-8A58-A92617782D1B}.Release|Any CPU.Build.0 = Release|Any CPU
		{90D51391-0C62-4EB8-8A58-A92617782D1B}.Release|x64.ActiveCfg = Release|Any CPU
		{90D51391-0C62-4EB8-8A58-A92617782D1B}.Release|x64.Build.0 = Release|Any CPU
		{90D51391-0C62-4EB8-8A58-A92617782D1B}.Release|x86.ActiveCfg = Release|Any CPU
		{90D51391-0C62-4EB8-8A58-A92617782D1B}.Release|x86.Build.0 = Release|Any CPU
		{C80864B1-87A7-46DE-A65C-2C3AEE24FC89}.Debug|Any CPU.ActiveCfg = Debug|Any CPU
		{C80864B1-87A7-46DE-A65C-2C3AEE24FC89}.Debug|Any CPU.Build.0 = Debug|Any CPU
		{C80864B1-87A7-46DE-A65C-2C3AEE24FC89}.Debug|x64.ActiveCfg = Debug|Any CPU
		{C80864B1-87A7-46DE-A65C-2C3AEE24FC89}.Debug|x64.Build.0 = Debug|Any CPU
		{C80864B1-87A7-46DE-A65C-2C3AEE24FC89}.Debug|x86.ActiveCfg = Debug|Any CPU
		{C80864B1-87A7-46DE-A65C-2C3AEE24FC89}.Debug|x86.Build.0 = Debug|Any CPU
		{C80864B1-87A7-46DE-A65C-2C3AEE24FC89}.Release|Any CPU.ActiveCfg = Release|Any CPU
		{C80864B1-87A7-46DE-A65C-2C3AEE24FC89}.Release|Any CPU.Build.0 = Release|Any CPU
		{C80864B1-87A7-46DE-A65C-2C3AEE24FC89}.Release|x64.ActiveCfg = Release|Any CPU
		{C80864B1-87A7-46DE-A65C-2C3AEE24FC89}.Release|x64.Build.0 = Release|Any CPU
		{C80864B1-87A7-46DE-A65C-2C3AEE24FC89}.Release|x86.ActiveCfg = Release|Any CPU
		{C80864B1-87A7-46DE-A65C-2C3AEE24FC89}.Release|x86.Build.0 = Release|Any CPU
		{3A2B7BD3-0163-4C3A-9703-97DFA6F61C00}.Debug|Any CPU.ActiveCfg = Debug|Any CPU
		{3A2B7BD3-0163-4C3A-9703-97DFA6F61C00}.Debug|Any CPU.Build.0 = Debug|Any CPU
		{3A2B7BD3-0163-4C3A-9703-97DFA6F61C00}.Debug|x64.ActiveCfg = Debug|Any CPU
		{3A2B7BD3-0163-4C3A-9703-97DFA6F61C00}.Debug|x64.Build.0 = Debug|Any CPU
		{3A2B7BD3-0163-4C3A-9703-97DFA6F61C00}.Debug|x86.ActiveCfg = Debug|Any CPU
		{3A2B7BD3-0163-4C3A-9703-97DFA6F61C00}.Debug|x86.Build.0 = Debug|Any CPU
		{3A2B7BD3-0163-4C3A-9703-97DFA6F61C00}.Release|Any CPU.ActiveCfg = Release|Any CPU
		{3A2B7BD3-0163-4C3A-9703-97DFA6F61C00}.Release|Any CPU.Build.0 = Release|Any CPU
		{3A2B7BD3-0163-4C3A-9703-97DFA6F61C00}.Release|x64.ActiveCfg = Release|Any CPU
		{3A2B7BD3-0163-4C3A-9703-97DFA6F61C00}.Release|x64.Build.0 = Release|Any CPU
		{3A2B7BD3-0163-4C3A-9703-97DFA6F61C00}.Release|x86.ActiveCfg = Release|Any CPU
		{3A2B7BD3-0163-4C3A-9703-97DFA6F61C00}.Release|x86.Build.0 = Release|Any CPU
		{ADEF03D5-34FA-453B-945D-8E2ECB3E9B09}.Debug|Any CPU.ActiveCfg = Debug|Any CPU
		{ADEF03D5-34FA-453B-945D-8E2ECB3E9B09}.Debug|Any CPU.Build.0 = Debug|Any CPU
		{ADEF03D5-34FA-453B-945D-8E2ECB3E9B09}.Debug|x64.ActiveCfg = Debug|Any CPU
		{ADEF03D5-34FA-453B-945D-8E2ECB3E9B09}.Debug|x64.Build.0 = Debug|Any CPU
		{ADEF03D5-34FA-453B-945D-8E2ECB3E9B09}.Debug|x86.ActiveCfg = Debug|Any CPU
		{ADEF03D5-34FA-453B-945D-8E2ECB3E9B09}.Debug|x86.Build.0 = Debug|Any CPU
		{ADEF03D5-34FA-453B-945D-8E2ECB3E9B09}.Release|Any CPU.ActiveCfg = Release|Any CPU
		{ADEF03D5-34FA-453B-945D-8E2ECB3E9B09}.Release|Any CPU.Build.0 = Release|Any CPU
		{ADEF03D5-34FA-453B-945D-8E2ECB3E9B09}.Release|x64.ActiveCfg = Release|Any CPU
		{ADEF03D5-34FA-453B-945D-8E2ECB3E9B09}.Release|x64.Build.0 = Release|Any CPU
		{ADEF03D5-34FA-453B-945D-8E2ECB3E9B09}.Release|x86.ActiveCfg = Release|Any CPU
		{ADEF03D5-34FA-453B-945D-8E2ECB3E9B09}.Release|x86.Build.0 = Release|Any CPU
		{B445E63A-2E29-4AA7-BFAE-E912C254EA56}.Debug|Any CPU.ActiveCfg = Debug|Any CPU
		{B445E63A-2E29-4AA7-BFAE-E912C254EA56}.Debug|Any CPU.Build.0 = Debug|Any CPU
		{B445E63A-2E29-4AA7-BFAE-E912C254EA56}.Debug|x64.ActiveCfg = Debug|Any CPU
		{B445E63A-2E29-4AA7-BFAE-E912C254EA56}.Debug|x64.Build.0 = Debug|Any CPU
		{B445E63A-2E29-4AA7-BFAE-E912C254EA56}.Debug|x86.ActiveCfg = Debug|Any CPU
		{B445E63A-2E29-4AA7-BFAE-E912C254EA56}.Debug|x86.Build.0 = Debug|Any CPU
		{B445E63A-2E29-4AA7-BFAE-E912C254EA56}.Release|Any CPU.ActiveCfg = Release|Any CPU
		{B445E63A-2E29-4AA7-BFAE-E912C254EA56}.Release|Any CPU.Build.0 = Release|Any CPU
		{B445E63A-2E29-4AA7-BFAE-E912C254EA56}.Release|x64.ActiveCfg = Release|Any CPU
		{B445E63A-2E29-4AA7-BFAE-E912C254EA56}.Release|x64.Build.0 = Release|Any CPU
		{B445E63A-2E29-4AA7-BFAE-E912C254EA56}.Release|x86.ActiveCfg = Release|Any CPU
		{B445E63A-2E29-4AA7-BFAE-E912C254EA56}.Release|x86.Build.0 = Release|Any CPU
		{0F0095EB-A7C5-407F-B830-74B560455A53}.Debug|Any CPU.ActiveCfg = Debug|Any CPU
		{0F0095EB-A7C5-407F-B830-74B560455A53}.Debug|Any CPU.Build.0 = Debug|Any CPU
		{0F0095EB-A7C5-407F-B830-74B560455A53}.Debug|x64.ActiveCfg = Debug|Any CPU
		{0F0095EB-A7C5-407F-B830-74B560455A53}.Debug|x64.Build.0 = Debug|Any CPU
		{0F0095EB-A7C5-407F-B830-74B560455A53}.Debug|x86.ActiveCfg = Debug|Any CPU
		{0F0095EB-A7C5-407F-B830-74B560455A53}.Debug|x86.Build.0 = Debug|Any CPU
		{0F0095EB-A7C5-407F-B830-74B560455A53}.Release|Any CPU.ActiveCfg = Release|Any CPU
		{0F0095EB-A7C5-407F-B830-74B560455A53}.Release|Any CPU.Build.0 = Release|Any CPU
		{0F0095EB-A7C5-407F-B830-74B560455A53}.Release|x64.ActiveCfg = Release|Any CPU
		{0F0095EB-A7C5-407F-B830-74B560455A53}.Release|x64.Build.0 = Release|Any CPU
		{0F0095EB-A7C5-407F-B830-74B560455A53}.Release|x86.ActiveCfg = Release|Any CPU
		{0F0095EB-A7C5-407F-B830-74B560455A53}.Release|x86.Build.0 = Release|Any CPU
		{8284BBA6-BC37-44E5-9D68-77B89B7DFB99}.Debug|Any CPU.ActiveCfg = Debug|Any CPU
		{8284BBA6-BC37-44E5-9D68-77B89B7DFB99}.Debug|Any CPU.Build.0 = Debug|Any CPU
		{8284BBA6-BC37-44E5-9D68-77B89B7DFB99}.Debug|x64.ActiveCfg = Debug|Any CPU
		{8284BBA6-BC37-44E5-9D68-77B89B7DFB99}.Debug|x64.Build.0 = Debug|Any CPU
		{8284BBA6-BC37-44E5-9D68-77B89B7DFB99}.Debug|x86.ActiveCfg = Debug|Any CPU
		{8284BBA6-BC37-44E5-9D68-77B89B7DFB99}.Debug|x86.Build.0 = Debug|Any CPU
		{8284BBA6-BC37-44E5-9D68-77B89B7DFB99}.Release|Any CPU.ActiveCfg = Release|Any CPU
		{8284BBA6-BC37-44E5-9D68-77B89B7DFB99}.Release|Any CPU.Build.0 = Release|Any CPU
		{8284BBA6-BC37-44E5-9D68-77B89B7DFB99}.Release|x64.ActiveCfg = Release|Any CPU
		{8284BBA6-BC37-44E5-9D68-77B89B7DFB99}.Release|x64.Build.0 = Release|Any CPU
		{8284BBA6-BC37-44E5-9D68-77B89B7DFB99}.Release|x86.ActiveCfg = Release|Any CPU
		{8284BBA6-BC37-44E5-9D68-77B89B7DFB99}.Release|x86.Build.0 = Release|Any CPU
		{CD04A818-CADD-49B4-AEAC-57B935050CCB}.Debug|Any CPU.ActiveCfg = Debug|Any CPU
		{CD04A818-CADD-49B4-AEAC-57B935050CCB}.Debug|Any CPU.Build.0 = Debug|Any CPU
		{CD04A818-CADD-49B4-AEAC-57B935050CCB}.Debug|x64.ActiveCfg = Debug|Any CPU
		{CD04A818-CADD-49B4-AEAC-57B935050CCB}.Debug|x64.Build.0 = Debug|Any CPU
		{CD04A818-CADD-49B4-AEAC-57B935050CCB}.Debug|x86.ActiveCfg = Debug|Any CPU
		{CD04A818-CADD-49B4-AEAC-57B935050CCB}.Debug|x86.Build.0 = Debug|Any CPU
		{CD04A818-CADD-49B4-AEAC-57B935050CCB}.Release|Any CPU.ActiveCfg = Release|Any CPU
		{CD04A818-CADD-49B4-AEAC-57B935050CCB}.Release|Any CPU.Build.0 = Release|Any CPU
		{CD04A818-CADD-49B4-AEAC-57B935050CCB}.Release|x64.ActiveCfg = Release|Any CPU
		{CD04A818-CADD-49B4-AEAC-57B935050CCB}.Release|x64.Build.0 = Release|Any CPU
		{CD04A818-CADD-49B4-AEAC-57B935050CCB}.Release|x86.ActiveCfg = Release|Any CPU
		{CD04A818-CADD-49B4-AEAC-57B935050CCB}.Release|x86.Build.0 = Release|Any CPU
		{71F52AA5-2804-4B83-B0DC-9101816F8E0B}.Debug|Any CPU.ActiveCfg = Debug|Any CPU
		{71F52AA5-2804-4B83-B0DC-9101816F8E0B}.Debug|Any CPU.Build.0 = Debug|Any CPU
		{71F52AA5-2804-4B83-B0DC-9101816F8E0B}.Debug|x64.ActiveCfg = Debug|Any CPU
		{71F52AA5-2804-4B83-B0DC-9101816F8E0B}.Debug|x64.Build.0 = Debug|Any CPU
		{71F52AA5-2804-4B83-B0DC-9101816F8E0B}.Debug|x86.ActiveCfg = Debug|Any CPU
		{71F52AA5-2804-4B83-B0DC-9101816F8E0B}.Debug|x86.Build.0 = Debug|Any CPU
		{71F52AA5-2804-4B83-B0DC-9101816F8E0B}.Release|Any CPU.ActiveCfg = Release|Any CPU
		{71F52AA5-2804-4B83-B0DC-9101816F8E0B}.Release|Any CPU.Build.0 = Release|Any CPU
		{71F52AA5-2804-4B83-B0DC-9101816F8E0B}.Release|x64.ActiveCfg = Release|Any CPU
		{71F52AA5-2804-4B83-B0DC-9101816F8E0B}.Release|x64.Build.0 = Release|Any CPU
		{71F52AA5-2804-4B83-B0DC-9101816F8E0B}.Release|x86.ActiveCfg = Release|Any CPU
		{71F52AA5-2804-4B83-B0DC-9101816F8E0B}.Release|x86.Build.0 = Release|Any CPU
	EndGlobalSection
	GlobalSection(SolutionProperties) = preSolution
		HideSolutionNode = FALSE
	EndGlobalSection
	GlobalSection(NestedProjects) = preSolution
		{62A5D6CA-DFDD-4FA7-844D-D7F1E1E2C6A9} = {2E12DD75-8EB7-45E9-B56F-A45ABC5019EA}
		{90D51391-0C62-4EB8-8A58-A92617782D1B} = {02C880D7-1E0A-4BD0-A1E8-65FE5EAF2344}
		{C80864B1-87A7-46DE-A65C-2C3AEE24FC89} = {02C880D7-1E0A-4BD0-A1E8-65FE5EAF2344}
		{02EA681E-C7D8-13C7-8484-4AC65E1B71E8} = {0D2C9623-29DB-4D53-A1EF-EAD42C256F06}
		{7955579A-3D9A-4FEF-A478-07C2DEC76824} = {0D2C9623-29DB-4D53-A1EF-EAD42C256F06}
		{EF7C36D5-7D37-4C92-B5AA-EF02267DB7F2} = {0D2C9623-29DB-4D53-A1EF-EAD42C256F06}
		{3A2B7BD3-0163-4C3A-9703-97DFA6F61C00} = {7955579A-3D9A-4FEF-A478-07C2DEC76824}
		{ADEF03D5-34FA-453B-945D-8E2ECB3E9B09} = {7955579A-3D9A-4FEF-A478-07C2DEC76824}
		{B445E63A-2E29-4AA7-BFAE-E912C254EA56} = {02EA681E-C7D8-13C7-8484-4AC65E1B71E8}
		{0F0095EB-A7C5-407F-B830-74B560455A53} = {02EA681E-C7D8-13C7-8484-4AC65E1B71E8}
		{8284BBA6-BC37-44E5-9D68-77B89B7DFB99} = {EF7C36D5-7D37-4C92-B5AA-EF02267DB7F2}
		{CD04A818-CADD-49B4-AEAC-57B935050CCB} = {EF7C36D5-7D37-4C92-B5AA-EF02267DB7F2}
		{02C880D7-1E0A-4BD0-A1E8-65FE5EAF2344} = {0D2C9623-29DB-4D53-A1EF-EAD42C256F06}
		{71F52AA5-2804-4B83-B0DC-9101816F8E0B} = {78503322-DE0C-4F33-8A17-98EFA0E1F702}
		{78503322-DE0C-4F33-8A17-98EFA0E1F702} = {0A8C4892-79DA-4DC1-8DD1-A5AA69FA5A9B}
		{0D2C9623-29DB-4D53-A1EF-EAD42C256F06} = {0A8C4892-79DA-4DC1-8DD1-A5AA69FA5A9B}
		{2E12DD75-8EB7-45E9-B56F-A45ABC5019EA} = {0A8C4892-79DA-4DC1-8DD1-A5AA69FA5A9B}
		{204B201E-3B36-4A3D-BB70-53C9B77E7F4A} = {DDD3424A-C6D3-4220-9B54-158F6B28A429}
		{10533C9B-0936-4ED8-BCBD-3317410A54F4} = {DDD3424A-C6D3-4220-9B54-158F6B28A429}
		{D57DA655-3EFD-4FAF-9474-D719F52EAB78} = {DDD3424A-C6D3-4220-9B54-158F6B28A429}
		{ECDA17AC-5729-40EF-B688-787233716C4B} = {DDD3424A-C6D3-4220-9B54-158F6B28A429}
		{CFE483B3-2A2B-4AD8-B5A8-D6DB31BFA078} = {725BD5A6-31B3-4C7D-A6DB-5E5B02909FC0}
		{324CBC0F-2932-40FA-BB9C-1AF2C3E3CE16} = {725BD5A6-31B3-4C7D-A6DB-5E5B02909FC0}
		{D5257602-ADBA-442D-8DE9-1F94F346434A} = {F2466169-9AE5-42F2-8BE2-E6AD63118BFD}
		{9F6211E5-F028-464C-86EB-AFA129206823} = {F2466169-9AE5-42F2-8BE2-E6AD63118BFD}
		{D40AEE20-FB2B-4546-B212-8F96F9A94EF0} = {3D95FC05-382F-4460-87AC-1561D462950A}
		{9BA0C033-E648-445D-86CE-64F4E20A80CE} = {3D95FC05-382F-4460-87AC-1561D462950A}
		{65F5FA7A-5DB9-4444-93B5-1E42123E4E66} = {3D95FC05-382F-4460-87AC-1561D462950A}
		{E1368E55-0B74-4EC6-B671-B5296F701CA4} = {3D95FC05-382F-4460-87AC-1561D462950A}
		{F357927B-61CE-4DAC-B1F9-24FD93F9D52D} = {3D95FC05-382F-4460-87AC-1561D462950A}
		{253B042E-A49B-43B8-807A-D38F6FE3CB70} = {6C415D06-976C-4D52-909C-811EC7C3C19E}
		{35E152DD-761E-4E12-9EF5-4788F3188B01} = {253B042E-A49B-43B8-807A-D38F6FE3CB70}
		{CE680F39-5B2B-455A-96D1-495345C277AC} = {253B042E-A49B-43B8-807A-D38F6FE3CB70}
	EndGlobalSection
	GlobalSection(ExtensibilityGlobals) = postSolution
		SolutionGuid = {45DB572E-5285-4A5F-880C-C47E111F0A2F}
	EndGlobalSection
EndGlobal
